// !$*UTF8*$!
{
	archiveVersion = 1;
	classes = {
	};
	objectVersion = 56;
	objects = {

/* Begin PBXBuildFile section */
		A1000001 /* StowApp.swift in Sources */ = {isa = PBXBuildFile; fileRef = B1000001 /* StowApp.swift */; };
		A1000002 /* AppViewModel.swift in Sources */ = {isa = PBXBuildFile; fileRef = B1000002 /* AppViewModel.swift */; };
		A1000003 /* ContentView.swift in Sources */ = {isa = PBXBuildFile; fileRef = B1000003 /* ContentView.swift */; };
		A1000004 /* WorkspaceSidebarView.swift in Sources */ = {isa = PBXBuildFile; fileRef = B1000004 /* WorkspaceSidebarView.swift */; };
		A1000006 /* WorkspaceRow.swift in Sources */ = {isa = PBXBuildFile; fileRef = B1000006 /* WorkspaceRow.swift */; };
		A1000007 /* NodeListView.swift in Sources */ = {isa = PBXBuildFile; fileRef = B1000007 /* NodeListView.swift */; };
		A1000008 /* WorkspacePageView.swift in Sources */ = {isa = PBXBuildFile; fileRef = B1000008 /* WorkspacePageView.swift */; };
		A1000009 /* StowShared in Frameworks */ = {isa = PBXBuildFile; productRef = D1000001 /* StowShared */; };
		A1000010 /* NodeRowView.swift in Sources */ = {isa = PBXBuildFile; fileRef = B1000010 /* NodeRowView.swift */; };
		A1000011 /* AddItemView.swift in Sources */ = {isa = PBXBuildFile; fileRef = B1000011 /* AddItemView.swift */; };
		A1000016 /* WorkspacePagerViewController.swift in Sources */ = {isa = PBXBuildFile; fileRef = B1000016 /* WorkspacePagerViewController.swift */; };
		A1000017 /* WorkspacePagerRepresentable.swift in Sources */ = {isa = PBXBuildFile; fileRef = B1000017 /* WorkspacePagerRepresentable.swift */; };
		A1000018 /* AddNewPageView.swift in Sources */ = {isa = PBXBuildFile; fileRef = B1000018 /* AddNewPageView.swift */; };
		A1000019 /* WorkspaceOverviewSheet.swift in Sources */ = {isa = PBXBuildFile; fileRef = B1000019 /* WorkspaceOverviewSheet.swift */; };
		A1000020 /* BulkActionBar.swift in Sources */ = {isa = PBXBuildFile; fileRef = B1000020 /* BulkActionBar.swift */; };
		A1000021 /* SettingsSheet.swift in Sources */ = {isa = PBXBuildFile; fileRef = B1000021 /* SettingsSheet.swift */; };
		A1000022 /* LiveActivityController.swift in Sources */ = {isa = PBXBuildFile; fileRef = B1000022 /* LiveActivityController.swift */; };
		A1000023 /* StowActivityAttributes.swift in Sources */ = {isa = PBXBuildFile; fileRef = B4000001 /* StowActivityAttributes.swift */; };
		A2000001 /* ShareViewController.swift in Sources */ = {isa = PBXBuildFile; fileRef = B2000001 /* ShareViewController.swift */; };
		A2000002 /* StowShared in Frameworks */ = {isa = PBXBuildFile; productRef = D2000001 /* StowShared */; };
		A2000003 /* StowShareExtension.appex in Embed App Extensions */ = {isa = PBXBuildFile; fileRef = C2000001 /* StowShareExtension.appex */; settings = {ATTRIBUTES = (RemoveHeadersOnCopy, ); }; };
		A3000001 /* StowWidget.swift in Sources */ = {isa = PBXBuildFile; fileRef = B3000001 /* StowWidget.swift */; };
		A3000004 /* StowLiveActivity.swift in Sources */ = {isa = PBXBuildFile; fileRef = B3000003 /* StowLiveActivity.swift */; };
		A3000005 /* StowActivityAttributes.swift in Sources */ = {isa = PBXBuildFile; fileRef = B4000001 /* StowActivityAttributes.swift */; };
		A3000002 /* StowShared in Frameworks */ = {isa = PBXBuildFile; productRef = D3000001 /* StowShared */; };
		A3000003 /* StowWidgetExtension.appex in Embed App Extensions */ = {isa = PBXBuildFile; fileRef = C3000001 /* StowWidgetExtension.appex */; settings = {ATTRIBUTES = (RemoveHeadersOnCopy, ); }; };
		X6DE897640320624840B9390 /* TestSupport.swift in Sources */ = {isa = PBXBuildFile; fileRef = XD199CB3FD8170C6D04AEB43 /* TestSupport.swift */; };
		XA0EFCD0C65EA7DCE563E131 /* WorkspaceChoiceTests.swift in Sources */ = {isa = PBXBuildFile; fileRef = X6321E995D2258D67CAEDFC3 /* WorkspaceChoiceTests.swift */; };
		X7E5514A57A55A380441F661 /* LiveActivitySettingsTests.swift in Sources */ = {isa = PBXBuildFile; fileRef = XE0296CAB45823C07D2FD75E /* LiveActivitySettingsTests.swift */; };
		XD4152DA553298167882548F /* ShareTests.swift in Sources */ = {isa = PBXBuildFile; fileRef = X3AB5277E663379A99C5DD6D /* ShareTests.swift */; };
		X2B0905313756AFA732B3E48 /* ShareSheetModelTests.swift in Sources */ = {isa = PBXBuildFile; fileRef = X759387879FFABF26212B51D /* ShareSheetModelTests.swift */; };
		X539E6B7814724812428AF26 /* WidgetIntentTests.swift in Sources */ = {isa = PBXBuildFile; fileRef = X72504998E5074B7DF11B08D /* WidgetIntentTests.swift */; };
		XBD177B771BC281FB13C0301 /* SettingsLogicTests.swift in Sources */ = {isa = PBXBuildFile; fileRef = X0D2B82C5C2168F0732B22A6 /* SettingsLogicTests.swift */; };
		X12244C5330BE4BA9A00DD35 /* SettingsSheetUITests.swift in Sources */ = {isa = PBXBuildFile; fileRef = X28CD5FC6EABEF5F335CA2D0 /* SettingsSheetUITests.swift */; };
		X7EB8638B87994E7561980AC /* AppGroup.swift in Sources */ = {isa = PBXBuildFile; fileRef = X4B834C7BDD407C97BAC011E /* AppGroup.swift */; };
		XF753821B39E7E043B17F429 /* AppGroup.swift in Sources */ = {isa = PBXBuildFile; fileRef = X4B834C7BDD407C97BAC011E /* AppGroup.swift */; };
		X5EAC7A1E1E640D0DABB5F87 /* AppGroup.swift in Sources */ = {isa = PBXBuildFile; fileRef = X4B834C7BDD407C97BAC011E /* AppGroup.swift */; };
		X0249A78C70E626D7F6C326B /* WorkspaceChoice.swift in Sources */ = {isa = PBXBuildFile; fileRef = XB301EE6B6DDFD256A1C1BDA /* WorkspaceChoice.swift */; };
		X80185DADC54CBB38989BC7A /* WorkspaceChoice.swift in Sources */ = {isa = PBXBuildFile; fileRef = XB301EE6B6DDFD256A1C1BDA /* WorkspaceChoice.swift */; };
		XCCBDF5C85C029D65D2E267B /* ShareSaver.swift in Sources */ = {isa = PBXBuildFile; fileRef = XCE9EA091B9F9966F4636E20 /* ShareSaver.swift */; };
		X51EF90A535F39B1A6CD025F /* ShareSaver.swift in Sources */ = {isa = PBXBuildFile; fileRef = XCE9EA091B9F9966F4636E20 /* ShareSaver.swift */; };
		X55DD629A1B965F73CB1FB21 /* ShareSheetModel.swift in Sources */ = {isa = PBXBuildFile; fileRef = X69D929C553AE3876E882D40 /* ShareSheetModel.swift */; };
		X005EBF531FD6F3BCCA4997A /* ShareSheetModel.swift in Sources */ = {isa = PBXBuildFile; fileRef = X69D929C553AE3876E882D40 /* ShareSheetModel.swift */; };
		X74201071312F6927E78DF46 /* WorkspaceWidgetIntent.swift in Sources */ = {isa = PBXBuildFile; fileRef = XA34F9F607D18615937E2EA6 /* WorkspaceWidgetIntent.swift */; };
		XE06AAE7FFE64279AA0C0AD7 /* WorkspaceWidgetIntent.swift in Sources */ = {isa = PBXBuildFile; fileRef = XA34F9F607D18615937E2EA6 /* WorkspaceWidgetIntent.swift */; };
		X91C4DA9087CA4CD43505D66 /* LiveActivitySettings.swift in Sources */ = {isa = PBXBuildFile; fileRef = X51065A161A8D63DDC19CE89 /* LiveActivitySettings.swift */; };
		X224A59C9BE9ED7411D5BE6E /* ICloudStatus.swift in Sources */ = {isa = PBXBuildFile; fileRef = XEE91CC7229F300D3CDDD729 /* ICloudStatus.swift */; };
		XD6206FA9C062C8FEFC090B2 /* PageColor.swift in Sources */ = {isa = PBXBuildFile; fileRef = XFA3BDD8C3FE60E111078D60 /* PageColor.swift */; };
		XD0335ECCB5493E81EEAC370 /* PageColorPicker.swift in Sources */ = {isa = PBXBuildFile; fileRef = XA39A204B886B268AB398C7E /* PageColorPicker.swift */; };
		XE74A1A437FBCF362FD1C909 /* ShareSheetView.swift in Sources */ = {isa = PBXBuildFile; fileRef = XC326DF994AD21E40E619D0A /* ShareSheetView.swift */; };
		XE37F82EA5005D259A6436FB /* LiveTourUITests.swift in Sources */ = {isa = PBXBuildFile; fileRef = XA003675434C260E19135454 /* LiveTourUITests.swift */; };
/* End PBXBuildFile section */

/* Begin PBXContainerItemProxy section */
		CP200001 /* PBXContainerItemProxy */ = {
			isa = PBXContainerItemProxy;
			containerPortal = P1000001 /* Project object */;
			proxyType = 1;
			remoteGlobalIDString = T2000001;
			remoteInfo = StowShareExtension;
		};
		CP300001 /* PBXContainerItemProxy */ = {
			isa = PBXContainerItemProxy;
			containerPortal = P1000001 /* Project object */;
			proxyType = 1;
			remoteGlobalIDString = T3000001;
			remoteInfo = StowWidgetExtension;
		};
		CP400001 /* PBXContainerItemProxy */ = {
			isa = PBXContainerItemProxy;
			containerPortal = P1000001 /* Project object */;
			proxyType = 1;
			remoteGlobalIDString = T1000001;
			remoteInfo = StowIOS;
		};
		CP500001 /* PBXContainerItemProxy */ = {
			isa = PBXContainerItemProxy;
			containerPortal = P1000001 /* Project object */;
			proxyType = 1;
			remoteGlobalIDString = T1000001;
			remoteInfo = StowIOS;
		};
/* End PBXContainerItemProxy section */

/* Begin PBXCopyFilesBuildPhase section */
		CF000001 /* Embed App Extensions */ = {
			isa = PBXCopyFilesBuildPhase;
			buildActionMask = 2147483647;
			dstPath = "";
			dstSubfolderSpec = 13;
			files = (
				A2000003 /* StowShareExtension.appex in Embed App Extensions */,
				A3000003 /* StowWidgetExtension.appex in Embed App Extensions */,
			);
			name = "Embed App Extensions";
			runOnlyForDeploymentPostprocessing = 0;
		};
/* End PBXCopyFilesBuildPhase section */

/* Begin PBXFileReference section */
		B1000001 /* StowApp.swift */ = {isa = PBXFileReference; lastKnownFileType = sourcecode.swift; path = StowApp.swift; sourceTree = "<group>"; };
		B1000002 /* AppViewModel.swift */ = {isa = PBXFileReference; lastKnownFileType = sourcecode.swift; path = AppViewModel.swift; sourceTree = "<group>"; };
		B1000003 /* ContentView.swift */ = {isa = PBXFileReference; lastKnownFileType = sourcecode.swift; path = ContentView.swift; sourceTree = "<group>"; };
		B1000004 /* WorkspaceSidebarView.swift */ = {isa = PBXFileReference; lastKnownFileType = sourcecode.swift; path = WorkspaceSidebarView.swift; sourceTree = "<group>"; };
		B1000006 /* WorkspaceRow.swift */ = {isa = PBXFileReference; lastKnownFileType = sourcecode.swift; path = WorkspaceRow.swift; sourceTree = "<group>"; };
		B1000007 /* NodeListView.swift */ = {isa = PBXFileReference; lastKnownFileType = sourcecode.swift; path = NodeListView.swift; sourceTree = "<group>"; };
		B1000008 /* WorkspacePageView.swift */ = {isa = PBXFileReference; lastKnownFileType = sourcecode.swift; path = WorkspacePageView.swift; sourceTree = "<group>"; };
		B1000010 /* NodeRowView.swift */ = {isa = PBXFileReference; lastKnownFileType = sourcecode.swift; path = NodeRowView.swift; sourceTree = "<group>"; };
		B1000011 /* AddItemView.swift */ = {isa = PBXFileReference; lastKnownFileType = sourcecode.swift; path = AddItemView.swift; sourceTree = "<group>"; };
		B1000016 /* WorkspacePagerViewController.swift */ = {isa = PBXFileReference; lastKnownFileType = sourcecode.swift; path = WorkspacePagerViewController.swift; sourceTree = "<group>"; };
		B1000017 /* WorkspacePagerRepresentable.swift */ = {isa = PBXFileReference; lastKnownFileType = sourcecode.swift; path = WorkspacePagerRepresentable.swift; sourceTree = "<group>"; };
		B1000018 /* AddNewPageView.swift */ = {isa = PBXFileReference; lastKnownFileType = sourcecode.swift; path = AddNewPageView.swift; sourceTree = "<group>"; };
		B1000019 /* WorkspaceOverviewSheet.swift */ = {isa = PBXFileReference; lastKnownFileType = sourcecode.swift; path = WorkspaceOverviewSheet.swift; sourceTree = "<group>"; };
		B1000020 /* BulkActionBar.swift */ = {isa = PBXFileReference; lastKnownFileType = sourcecode.swift; path = BulkActionBar.swift; sourceTree = "<group>"; };
		B1000021 /* SettingsSheet.swift */ = {isa = PBXFileReference; lastKnownFileType = sourcecode.swift; path = SettingsSheet.swift; sourceTree = "<group>"; };
		B1000022 /* LiveActivityController.swift */ = {isa = PBXFileReference; lastKnownFileType = sourcecode.swift; path = LiveActivityController.swift; sourceTree = "<group>"; };
		B1000023 /* Info.plist */ = {isa = PBXFileReference; lastKnownFileType = text.plist.xml; path = Info.plist; sourceTree = "<group>"; };
		B2000001 /* ShareViewController.swift */ = {isa = PBXFileReference; lastKnownFileType = sourcecode.swift; path = ShareViewController.swift; sourceTree = "<group>"; };
		B2000002 /* Info.plist */ = {isa = PBXFileReference; lastKnownFileType = text.plist.xml; path = Info.plist; sourceTree = "<group>"; };
		B2000003 /* StowShareExtension.entitlements */ = {isa = PBXFileReference; lastKnownFileType = text.plist.entitlements; path = StowShareExtension.entitlements; sourceTree = "<group>"; };
		B3000001 /* StowWidget.swift */ = {isa = PBXFileReference; lastKnownFileType = sourcecode.swift; path = StowWidget.swift; sourceTree = "<group>"; };
		B3000002 /* StowWidget.entitlements */ = {isa = PBXFileReference; lastKnownFileType = text.plist.entitlements; path = StowWidget.entitlements; sourceTree = "<group>"; };
		B3000003 /* StowLiveActivity.swift */ = {isa = PBXFileReference; lastKnownFileType = sourcecode.swift; path = StowLiveActivity.swift; sourceTree = "<group>"; };
		B4000001 /* StowActivityAttributes.swift */ = {isa = PBXFileReference; lastKnownFileType = sourcecode.swift; path = StowActivityAttributes.swift; sourceTree = "<group>"; };
		C1000001 /* StowIOS.app */ = {isa = PBXFileReference; explicitFileType = wrapper.application; includeInIndex = 0; path = StowIOS.app; sourceTree = BUILT_PRODUCTS_DIR; };
		C2000001 /* StowShareExtension.appex */ = {isa = PBXFileReference; explicitFileType = "wrapper.app-extension"; includeInIndex = 0; path = StowShareExtension.appex; sourceTree = BUILT_PRODUCTS_DIR; };
		C3000001 /* StowWidgetExtension.appex */ = {isa = PBXFileReference; explicitFileType = "wrapper.app-extension"; includeInIndex = 0; path = StowWidgetExtension.appex; sourceTree = BUILT_PRODUCTS_DIR; };
		C4000001 /* StowIOSTests.xctest */ = {isa = PBXFileReference; explicitFileType = wrapper.cfbundle; includeInIndex = 0; path = StowIOSTests.xctest; sourceTree = BUILT_PRODUCTS_DIR; };
		C5000001 /* StowIOSUITests.xctest */ = {isa = PBXFileReference; explicitFileType = wrapper.cfbundle; includeInIndex = 0; path = StowIOSUITests.xctest; sourceTree = BUILT_PRODUCTS_DIR; };
		XD199CB3FD8170C6D04AEB43 /* TestSupport.swift */ = {isa = PBXFileReference; lastKnownFileType = sourcecode.swift; path = TestSupport.swift; sourceTree = "<group>"; };
		X6321E995D2258D67CAEDFC3 /* WorkspaceChoiceTests.swift */ = {isa = PBXFileReference; lastKnownFileType = sourcecode.swift; path = WorkspaceChoiceTests.swift; sourceTree = "<group>"; };
		XE0296CAB45823C07D2FD75E /* LiveActivitySettingsTests.swift */ = {isa = PBXFileReference; lastKnownFileType = sourcecode.swift; path = LiveActivitySettingsTests.swift; sourceTree = "<group>"; };
		X3AB5277E663379A99C5DD6D /* ShareTests.swift */ = {isa = PBXFileReference; lastKnownFileType = sourcecode.swift; path = ShareTests.swift; sourceTree = "<group>"; };
		X759387879FFABF26212B51D /* ShareSheetModelTests.swift */ = {isa = PBXFileReference; lastKnownFileType = sourcecode.swift; path = ShareSheetModelTests.swift; sourceTree = "<group>"; };
		X72504998E5074B7DF11B08D /* WidgetIntentTests.swift */ = {isa = PBXFileReference; lastKnownFileType = sourcecode.swift; path = WidgetIntentTests.swift; sourceTree = "<group>"; };
		X0D2B82C5C2168F0732B22A6 /* SettingsLogicTests.swift */ = {isa = PBXFileReference; lastKnownFileType = sourcecode.swift; path = SettingsLogicTests.swift; sourceTree = "<group>"; };
		X28CD5FC6EABEF5F335CA2D0 /* SettingsSheetUITests.swift */ = {isa = PBXFileReference; lastKnownFileType = sourcecode.swift; path = SettingsSheetUITests.swift; sourceTree = "<group>"; };
		X4B834C7BDD407C97BAC011E /* AppGroup.swift */ = {isa = PBXFileReference; lastKnownFileType = sourcecode.swift; path = AppGroup.swift; sourceTree = "<group>"; };
		XB301EE6B6DDFD256A1C1BDA /* WorkspaceChoice.swift */ = {isa = PBXFileReference; lastKnownFileType = sourcecode.swift; path = WorkspaceChoice.swift; sourceTree = "<group>"; };
		XCE9EA091B9F9966F4636E20 /* ShareSaver.swift */ = {isa = PBXFileReference; lastKnownFileType = sourcecode.swift; path = ShareSaver.swift; sourceTree = "<group>"; };
		X69D929C553AE3876E882D40 /* ShareSheetModel.swift */ = {isa = PBXFileReference; lastKnownFileType = sourcecode.swift; path = ShareSheetModel.swift; sourceTree = "<group>"; };
		XA34F9F607D18615937E2EA6 /* WorkspaceWidgetIntent.swift */ = {isa = PBXFileReference; lastKnownFileType = sourcecode.swift; path = WorkspaceWidgetIntent.swift; sourceTree = "<group>"; };
		X51065A161A8D63DDC19CE89 /* LiveActivitySettings.swift */ = {isa = PBXFileReference; lastKnownFileType = sourcecode.swift; path = LiveActivitySettings.swift; sourceTree = "<group>"; };
		XEE91CC7229F300D3CDDD729 /* ICloudStatus.swift */ = {isa = PBXFileReference; lastKnownFileType = sourcecode.swift; path = ICloudStatus.swift; sourceTree = "<group>"; };
		XFA3BDD8C3FE60E111078D60 /* PageColor.swift */ = {isa = PBXFileReference; lastKnownFileType = sourcecode.swift; path = PageColor.swift; sourceTree = "<group>"; };
		XA39A204B886B268AB398C7E /* PageColorPicker.swift */ = {isa = PBXFileReference; lastKnownFileType = sourcecode.swift; path = PageColorPicker.swift; sourceTree = "<group>"; };
		XC326DF994AD21E40E619D0A /* ShareSheetView.swift */ = {isa = PBXFileReference; lastKnownFileType = sourcecode.swift; path = ShareSheetView.swift; sourceTree = "<group>"; };
		XA003675434C260E19135454 /* LiveTourUITests.swift */ = {isa = PBXFileReference; lastKnownFileType = sourcecode.swift; path = LiveTourUITests.swift; sourceTree = "<group>"; };
/* End PBXFileReference section */

/* Begin PBXFrameworksBuildPhase section */
		E1000001 /* Frameworks */ = {
			isa = PBXFrameworksBuildPhase;
			buildActionMask = 2147483647;
			files = (
				A1000009 /* StowShared in Frameworks */,
			);
			runOnlyForDeploymentPostprocessing = 0;
		};
		E2000001 /* Frameworks */ = {
			isa = PBXFrameworksBuildPhase;
			buildActionMask = 2147483647;
			files = (
				A2000002 /* StowShared in Frameworks */,
			);
			runOnlyForDeploymentPostprocessing = 0;
		};
		E3000001 /* Frameworks */ = {
			isa = PBXFrameworksBuildPhase;
			buildActionMask = 2147483647;
			files = (
				A3000002 /* StowShared in Frameworks */,
			);
			runOnlyForDeploymentPostprocessing = 0;
		};
		E4000001 /* Frameworks */ = {
			isa = PBXFrameworksBuildPhase;
			buildActionMask = 2147483647;
			files = (
			);
			runOnlyForDeploymentPostprocessing = 0;
		};
		E5000001 /* Frameworks */ = {
			isa = PBXFrameworksBuildPhase;
			buildActionMask = 2147483647;
			files = (
			);
			runOnlyForDeploymentPostprocessing = 0;
		};
/* End PBXFrameworksBuildPhase section */

/* Begin PBXGroup section */
		F1000001 /* root */ = {
			isa = PBXGroup;
			children = (
				F1000002 /* StowIOS */,
				F2000001 /* StowShareExtension */,
				F3000001 /* StowWidget */,
				F4000001 /* Shared */,
				F1000005 /* Products */,
				F5000001 /* StowIOSTests */,
				F6000001 /* StowIOSUITests */,
			);
			sourceTree = "<group>";
		};
		F1000002 /* StowIOS */ = {
			isa = PBXGroup;
			children = (
				B1000001 /* StowApp.swift */,
				B1000023 /* Info.plist */,
				F1000003 /* ViewModels */,
				F1000004 /* Views */,
			);
			path = StowIOS;
			sourceTree = "<group>";
		};
		F1000003 /* ViewModels */ = {
			isa = PBXGroup;
			children = (
				B1000002 /* AppViewModel.swift */,
				B1000022 /* LiveActivityController.swift */,
				X51065A161A8D63DDC19CE89 /* LiveActivitySettings.swift */,
				XEE91CC7229F300D3CDDD729 /* ICloudStatus.swift */,
				XFA3BDD8C3FE60E111078D60 /* PageColor.swift */,
			);
			path = ViewModels;
			sourceTree = "<group>";
		};
		F1000004 /* Views */ = {
			isa = PBXGroup;
			children = (
				F1000006 /* Pager */,
				B1000003 /* ContentView.swift */,
				B1000004 /* WorkspaceSidebarView.swift */,
				B1000006 /* WorkspaceRow.swift */,
				B1000007 /* NodeListView.swift */,
				B1000010 /* NodeRowView.swift */,
				B1000011 /* AddItemView.swift */,
				B1000008 /* WorkspacePageView.swift */,
				B1000019 /* WorkspaceOverviewSheet.swift */,
				B1000020 /* BulkActionBar.swift */,
				B1000021 /* SettingsSheet.swift */,
				XA39A204B886B268AB398C7E /* PageColorPicker.swift */,
			);
			path = Views;
			sourceTree = "<group>";
		};
		F1000006 /* Pager */ = {
			isa = PBXGroup;
			children = (
				B1000016 /* WorkspacePagerViewController.swift */,
				B1000017 /* WorkspacePagerRepresentable.swift */,
				B1000018 /* AddNewPageView.swift */,
			);
			path = Pager;
			sourceTree = "<group>";
		};
		F1000005 /* Products */ = {
			isa = PBXGroup;
			children = (
				C1000001 /* StowIOS.app */,
				C2000001 /* StowShareExtension.appex */,
				C3000001 /* StowWidgetExtension.appex */,
				C4000001 /* StowIOSTests.xctest */,
				C5000001 /* StowIOSUITests.xctest */,
			);
			name = Products;
			sourceTree = "<group>";
		};
		F2000001 /* StowShareExtension */ = {
			isa = PBXGroup;
			children = (
				B2000001 /* ShareViewController.swift */,
				B2000002 /* Info.plist */,
				B2000003 /* StowShareExtension.entitlements */,
				XC326DF994AD21E40E619D0A /* ShareSheetView.swift */,
			);
			path = StowShareExtension;
			sourceTree = "<group>";
		};
		F3000001 /* StowWidget */ = {
			isa = PBXGroup;
			children = (
				B3000001 /* StowWidget.swift */,
				B3000003 /* StowLiveActivity.swift */,
				B3000002 /* StowWidget.entitlements */,
			);
			path = StowWidget;
			sourceTree = "<group>";
		};
		F4000001 /* Shared */ = {
			isa = PBXGroup;
			children = (
				B4000001 /* StowActivityAttributes.swift */,
				X4B834C7BDD407C97BAC011E /* AppGroup.swift */,
				XB301EE6B6DDFD256A1C1BDA /* WorkspaceChoice.swift */,
				XCE9EA091B9F9966F4636E20 /* ShareSaver.swift */,
				X69D929C553AE3876E882D40 /* ShareSheetModel.swift */,
				XA34F9F607D18615937E2EA6 /* WorkspaceWidgetIntent.swift */,
			);
			path = Shared;
			sourceTree = "<group>";
		};
		F5000001 /* StowIOSTests */ = {
			isa = PBXGroup;
			children = (
				XD199CB3FD8170C6D04AEB43 /* TestSupport.swift */,
				X6321E995D2258D67CAEDFC3 /* WorkspaceChoiceTests.swift */,
				XE0296CAB45823C07D2FD75E /* LiveActivitySettingsTests.swift */,
				X3AB5277E663379A99C5DD6D /* ShareTests.swift */,
				X759387879FFABF26212B51D /* ShareSheetModelTests.swift */,
				X72504998E5074B7DF11B08D /* WidgetIntentTests.swift */,
				X0D2B82C5C2168F0732B22A6 /* SettingsLogicTests.swift */,
			);
			path = StowIOSTests;
			sourceTree = "<group>";
		};
		F6000001 /* StowIOSUITests */ = {
			isa = PBXGroup;
			children = (
				X28CD5FC6EABEF5F335CA2D0 /* SettingsSheetUITests.swift */,
				XA003675434C260E19135454 /* LiveTourUITests.swift */,
			);
			path = StowIOSUITests;
			sourceTree = "<group>";
		};
/* End PBXGroup section */

/* Begin PBXNativeTarget section */
		T1000001 /* StowIOS */ = {
			isa = PBXNativeTarget;
			buildConfigurationList = CC000003 /* Build configuration list for PBXNativeTarget "StowIOS" */;
			buildPhases = (
				S1000001 /* Sources */,
				E1000001 /* Frameworks */,
				R1000001 /* Resources */,
				CF000001 /* Embed App Extensions */,
			);
			buildRules = (
			);
			dependencies = (
				TD200001 /* PBXTargetDependency */,
				TD300001 /* PBXTargetDependency */,
			);
			name = StowIOS;
			packageProductDependencies = (
				D1000001 /* StowShared */,
			);
			productName = StowIOS;
			productReference = C1000001 /* StowIOS.app */;
			productType = "com.apple.product-type.application";
		};
		T2000001 /* StowShareExtension */ = {
			isa = PBXNativeTarget;
			buildConfigurationList = CC200001 /* Build configuration list for PBXNativeTarget "StowShareExtension" */;
			buildPhases = (
				S2000001 /* Sources */,
				E2000001 /* Frameworks */,
				R2000001 /* Resources */,
			);
			buildRules = (
			);
			dependencies = (
			);
			name = StowShareExtension;
			packageProductDependencies = (
				D2000001 /* StowShared */,
			);
			productName = StowShareExtension;
			productReference = C2000001 /* StowShareExtension.appex */;
			productType = "com.apple.product-type.app-extension";
		};
		T3000001 /* StowWidgetExtension */ = {
			isa = PBXNativeTarget;
			buildConfigurationList = CC300001 /* Build configuration list for PBXNativeTarget "StowWidgetExtension" */;
			buildPhases = (
				S3000001 /* Sources */,
				E3000001 /* Frameworks */,
				R3000001 /* Resources */,
			);
			buildRules = (
			);
			dependencies = (
			);
			name = StowWidgetExtension;
			packageProductDependencies = (
				D3000001 /* StowShared */,
			);
			productName = StowWidgetExtension;
			productReference = C3000001 /* StowWidgetExtension.appex */;
			productType = "com.apple.product-type.app-extension";
		};
		T4000001 /* StowIOSTests */ = {
			isa = PBXNativeTarget;
			buildConfigurationList = CC400001 /* Build configuration list for PBXNativeTarget "StowIOSTests" */;
			buildPhases = (
				S4000001 /* Sources */,
				E4000001 /* Frameworks */,
				R4000001 /* Resources */,
			);
			buildRules = (
			);
			dependencies = (
				TD400001 /* PBXTargetDependency */,
			);
			name = StowIOSTests;
			productName = StowIOSTests;
			productReference = C4000001 /* StowIOSTests.xctest */;
			productType = "com.apple.product-type.bundle.unit-test";
		};
		T5000001 /* StowIOSUITests */ = {
			isa = PBXNativeTarget;
			buildConfigurationList = CC500001 /* Build configuration list for PBXNativeTarget "StowIOSUITests" */;
			buildPhases = (
				S5000001 /* Sources */,
				E5000001 /* Frameworks */,
				R5000001 /* Resources */,
			);
			buildRules = (
			);
			dependencies = (
				TD500001 /* PBXTargetDependency */,
			);
			name = StowIOSUITests;
			productName = StowIOSUITests;
			productReference = C5000001 /* StowIOSUITests.xctest */;
			productType = "com.apple.product-type.bundle.ui-testing";
		};
/* End PBXNativeTarget section */

/* Begin PBXProject section */
		P1000001 /* Project object */ = {
			isa = PBXProject;
			attributes = {
				BuildIndependentTargetsInParallel = 1;
				LastSwiftUpdateCheck = 1600;
				LastUpgradeCheck = 1600;
				TargetAttributes = {
					T1000001 = {
						CreatedOnToolsVersion = 16.0;
					};
					T2000001 = {
						CreatedOnToolsVersion = 16.0;
					};
					T3000001 = {
						CreatedOnToolsVersion = 16.0;
					};
					T4000001 = {
						CreatedOnToolsVersion = 16.0;
						TestTargetID = T1000001;
					};
					T5000001 = {
						CreatedOnToolsVersion = 16.0;
						TestTargetID = T1000001;
					};
				};
			};
			buildConfigurationList = CC000001 /* Build configuration list for PBXProject "StowIOS" */;
			compatibilityVersion = "Xcode 14.0";
			developmentRegion = en;
			hasScannedForEncodings = 0;
			knownRegions = (
				en,
				Base,
			);
			mainGroup = F1000001 /* root */;
			packageReferences = (
				PR000001 /* XCLocalSwiftPackageReference "../" */,
			);
			productRefGroup = F1000005 /* Products */;
			projectDirPath = "";
			projectRoot = "";
			targets = (
				T1000001 /* StowIOS */,
				T2000001 /* StowShareExtension */,
				T3000001 /* StowWidgetExtension */,
				T4000001 /* StowIOSTests */,
				T5000001 /* StowIOSUITests */,
			);
		};
/* End PBXProject section */

/* Begin PBXResourcesBuildPhase section */
		R1000001 /* Resources */ = {
			isa = PBXResourcesBuildPhase;
			buildActionMask = 2147483647;
			files = (
			);
			runOnlyForDeploymentPostprocessing = 0;
		};
		R2000001 /* Resources */ = {
			isa = PBXResourcesBuildPhase;
			buildActionMask = 2147483647;
			files = (
			);
			runOnlyForDeploymentPostprocessing = 0;
		};
		R3000001 /* Resources */ = {
			isa = PBXResourcesBuildPhase;
			buildActionMask = 2147483647;
			files = (
			);
			runOnlyForDeploymentPostprocessing = 0;
		};
		R4000001 /* Resources */ = {
			isa = PBXResourcesBuildPhase;
			buildActionMask = 2147483647;
			files = (
			);
			runOnlyForDeploymentPostprocessing = 0;
		};
		R5000001 /* Resources */ = {
			isa = PBXResourcesBuildPhase;
			buildActionMask = 2147483647;
			files = (
			);
			runOnlyForDeploymentPostprocessing = 0;
		};
/* End PBXResourcesBuildPhase section */

/* Begin PBXSourcesBuildPhase section */
		S1000001 /* Sources */ = {
			isa = PBXSourcesBuildPhase;
			buildActionMask = 2147483647;
			files = (
				A1000001 /* StowApp.swift in Sources */,
				A1000002 /* AppViewModel.swift in Sources */,
				A1000003 /* ContentView.swift in Sources */,
				A1000004 /* WorkspaceSidebarView.swift in Sources */,
				A1000006 /* WorkspaceRow.swift in Sources */,
				A1000007 /* NodeListView.swift in Sources */,
				A1000010 /* NodeRowView.swift in Sources */,
				A1000011 /* AddItemView.swift in Sources */,
				A1000008 /* WorkspacePageView.swift in Sources */,
				A1000016 /* WorkspacePagerViewController.swift in Sources */,
				A1000017 /* WorkspacePagerRepresentable.swift in Sources */,
				A1000018 /* AddNewPageView.swift in Sources */,
				A1000019 /* WorkspaceOverviewSheet.swift in Sources */,
				A1000020 /* BulkActionBar.swift in Sources */,
				A1000021 /* SettingsSheet.swift in Sources */,
				A1000022 /* LiveActivityController.swift in Sources */,
				A1000023 /* StowActivityAttributes.swift in Sources */,
				X7EB8638B87994E7561980AC /* AppGroup.swift in Sources */,
				X0249A78C70E626D7F6C326B /* WorkspaceChoice.swift in Sources */,
				XCCBDF5C85C029D65D2E267B /* ShareSaver.swift in Sources */,
				X55DD629A1B965F73CB1FB21 /* ShareSheetModel.swift in Sources */,
				X74201071312F6927E78DF46 /* WorkspaceWidgetIntent.swift in Sources */,
				X91C4DA9087CA4CD43505D66 /* LiveActivitySettings.swift in Sources */,
				X224A59C9BE9ED7411D5BE6E /* ICloudStatus.swift in Sources */,
				XD6206FA9C062C8FEFC090B2 /* PageColor.swift in Sources */,
				XD0335ECCB5493E81EEAC370 /* PageColorPicker.swift in Sources */,
			);
			runOnlyForDeploymentPostprocessing = 0;
		};
		S2000001 /* Sources */ = {
			isa = PBXSourcesBuildPhase;
			buildActionMask = 2147483647;
			files = (
				A2000001 /* ShareViewController.swift in Sources */,
				XF753821B39E7E043B17F429 /* AppGroup.swift in Sources */,
				X51EF90A535F39B1A6CD025F /* ShareSaver.swift in Sources */,
				X005EBF531FD6F3BCCA4997A /* ShareSheetModel.swift in Sources */,
				XE74A1A437FBCF362FD1C909 /* ShareSheetView.swift in Sources */,
			);
			runOnlyForDeploymentPostprocessing = 0;
		};
		S3000001 /* Sources */ = {
			isa = PBXSourcesBuildPhase;
			buildActionMask = 2147483647;
			files = (
				A3000001 /* StowWidget.swift in Sources */,
				A3000004 /* StowLiveActivity.swift in Sources */,
				A3000005 /* StowActivityAttributes.swift in Sources */,
				X5EAC7A1E1E640D0DABB5F87 /* AppGroup.swift in Sources */,
				X80185DADC54CBB38989BC7A /* WorkspaceChoice.swift in Sources */,
				XE06AAE7FFE64279AA0C0AD7 /* WorkspaceWidgetIntent.swift in Sources */,
			);
			runOnlyForDeploymentPostprocessing = 0;
		};
		S4000001 /* Sources */ = {
			isa = PBXSourcesBuildPhase;
			buildActionMask = 2147483647;
			files = (
				X6DE897640320624840B9390 /* TestSupport.swift in Sources */,
				XA0EFCD0C65EA7DCE563E131 /* WorkspaceChoiceTests.swift in Sources */,
				X7E5514A57A55A380441F661 /* LiveActivitySettingsTests.swift in Sources */,
				XD4152DA553298167882548F /* ShareTests.swift in Sources */,
				X2B0905313756AFA732B3E48 /* ShareSheetModelTests.swift in Sources */,
				X539E6B7814724812428AF26 /* WidgetIntentTests.swift in Sources */,
				XBD177B771BC281FB13C0301 /* SettingsLogicTests.swift in Sources */,
			);
			runOnlyForDeploymentPostprocessing = 0;
		};
		S5000001 /* Sources */ = {
			isa = PBXSourcesBuildPhase;
			buildActionMask = 2147483647;
			files = (
				X12244C5330BE4BA9A00DD35 /* SettingsSheetUITests.swift in Sources */,
				XE37F82EA5005D259A6436FB /* LiveTourUITests.swift in Sources */,
			);
			runOnlyForDeploymentPostprocessing = 0;
		};
/* End PBXSourcesBuildPhase section */

/* Begin PBXTargetDependency section */
		TD200001 /* PBXTargetDependency */ = {
			isa = PBXTargetDependency;
			target = T2000001 /* StowShareExtension */;
			targetProxy = CP200001 /* PBXContainerItemProxy */;
		};
		TD300001 /* PBXTargetDependency */ = {
			isa = PBXTargetDependency;
			target = T3000001 /* StowWidgetExtension */;
			targetProxy = CP300001 /* PBXContainerItemProxy */;
		};
		TD400001 /* PBXTargetDependency */ = {
			isa = PBXTargetDependency;
			target = T1000001 /* StowIOS */;
			targetProxy = CP400001 /* PBXContainerItemProxy */;
		};
		TD500001 /* PBXTargetDependency */ = {
			isa = PBXTargetDependency;
			target = T1000001 /* StowIOS */;
			targetProxy = CP500001 /* PBXContainerItemProxy */;
		};
/* End PBXTargetDependency section */

/* Begin XCBuildConfiguration section */
		BC000001 /* Debug */ = {
			isa = XCBuildConfiguration;
			buildSettings = {
				ALWAYS_SEARCH_USER_PATHS = NO;
				ASSETCATALOG_COMPILER_GENERATE_SWIFT_ACCESSIBILITY_ENUMERATIONS = YES;
				CLANG_ANALYZER_NONNULL = YES;
				CLANG_ANALYZER_NUMBER_OBJECT_CONVERSION = YES_AGGRESSIVE;
				CLANG_CXX_LANGUAGE_STANDARD = "gnu++20";
				CLANG_ENABLE_MODULES = YES;
				CLANG_ENABLE_OBJC_ARC = YES;
				CLANG_ENABLE_OBJC_WEAK = YES;
				CLANG_WARN_BLOCK_CAPTURE_AUTORELEASING = YES;
				CLANG_WARN_BOOL_CONVERSION = YES;
				CLANG_WARN_COMMA = YES;
				CLANG_WARN_CONSTANT_CONVERSION = YES;
				CLANG_WARN_DEPRECATED_OBJC_IMPLEMENTATIONS = YES;
				CLANG_WARN_DIRECT_OBJC_ISA_USAGE = YES_ERROR;
				CLANG_WARN_DOCUMENTATION_COMMENTS = YES;
				CLANG_WARN_EMPTY_BODY = YES;
				CLANG_WARN_ENUM_CONVERSION = YES;
				CLANG_WARN_INFINITE_RECURSION = YES;
				CLANG_WARN_INT_CONVERSION = YES;
				CLANG_WARN_NON_LITERAL_NULL_CONVERSION = YES;
				CLANG_WARN_OBJC_IMPLICIT_RETAIN_SELF = YES;
				CLANG_WARN_OBJC_LITERAL_CONVERSION = YES;
				CLANG_WARN_OBJC_ROOT_CLASS = YES_ERROR;
				CLANG_WARN_QUOTED_INCLUDE_IN_FRAMEWORK_HEADER = YES;
				CLANG_WARN_RANGE_LOOP_ANALYSIS = YES;
				CLANG_WARN_STRICT_PROTOTYPES = YES;
				CLANG_WARN_SUSPICIOUS_MOVE = YES;
				CLANG_WARN_UNGUARDED_AVAILABILITY = YES_AGGRESSIVE;
				CLANG_WARN_UNREACHABLE_CODE = YES;
				CLANG_WARN__DUPLICATE_METHOD_MATCH = YES;
				COPY_PHASE_STRIP = NO;
				DEBUG_INFORMATION_FORMAT = dwarf;
				ENABLE_STRICT_OBJC_MSGSEND = YES;
				ENABLE_TESTABILITY = YES;
				ENABLE_USER_SCRIPT_SANDBOXING = YES;
				GCC_C_LANGUAGE_STANDARD = gnu17;
				GCC_DYNAMIC_NO_PIC = NO;
				GCC_NO_COMMON_BLOCKS = YES;
				GCC_OPTIMIZATION_LEVEL = 0;
				GCC_PREPROCESSOR_DEFINITIONS = (
					"DEBUG=1",
					"$(inherited)",
				);
				GCC_WARN_64_TO_32_BIT_CONVERSION = YES;
				GCC_WARN_ABOUT_RETURN_TYPE = YES_ERROR;
				GCC_WARN_UNDECLARED_SELECTOR = YES;
				GCC_WARN_UNINITIALIZED_AUTOS = YES_AGGRESSIVE;
				GCC_WARN_UNUSED_FUNCTION = YES;
				GCC_WARN_UNUSED_VARIABLE = YES;
				IPHONEOS_DEPLOYMENT_TARGET = 17.0;
				MTL_ENABLE_DEBUG_INFO = INCLUDE_SOURCE;
				MTL_FAST_MATH = YES;
				ONLY_ACTIVE_ARCH = YES;
				SDKROOT = iphoneos;
				SWIFT_ACTIVE_COMPILATION_CONDITIONS = "$(inherited) DEBUG";
				SWIFT_OPTIMIZATION_LEVEL = "-Onone";
				SWIFT_VERSION = 6.0;
			};
			name = Debug;
		};
		BC000002 /* Release */ = {
			isa = XCBuildConfiguration;
			buildSettings = {
				ALWAYS_SEARCH_USER_PATHS = NO;
				ASSETCATALOG_COMPILER_GENERATE_SWIFT_ACCESSIBILITY_ENUMERATIONS = YES;
				CLANG_ANALYZER_NONNULL = YES;
				CLANG_ANALYZER_NUMBER_OBJECT_CONVERSION = YES_AGGRESSIVE;
				CLANG_CXX_LANGUAGE_STANDARD = "gnu++20";
				CLANG_ENABLE_MODULES = YES;
				CLANG_ENABLE_OBJC_ARC = YES;
				CLANG_ENABLE_OBJC_WEAK = YES;
				CLANG_WARN_BLOCK_CAPTURE_AUTORELEASING = YES;
				CLANG_WARN_BOOL_CONVERSION = YES;
				CLANG_WARN_COMMA = YES;
				CLANG_WARN_CONSTANT_CONVERSION = YES;
				CLANG_WARN_DEPRECATED_OBJC_IMPLEMENTATIONS = YES;
				CLANG_WARN_DIRECT_OBJC_ISA_USAGE = YES_ERROR;
				CLANG_WARN_DOCUMENTATION_COMMENTS = YES;
				CLANG_WARN_EMPTY_BODY = YES;
				CLANG_WARN_ENUM_CONVERSION = YES;
				CLANG_WARN_INFINITE_RECURSION = YES;
				CLANG_WARN_INT_CONVERSION = YES;
				CLANG_WARN_NON_LITERAL_NULL_CONVERSION = YES;
				CLANG_WARN_OBJC_IMPLICIT_RETAIN_SELF = YES;
				CLANG_WARN_OBJC_LITERAL_CONVERSION = YES;
				CLANG_WARN_OBJC_ROOT_CLASS = YES_ERROR;
				CLANG_WARN_QUOTED_INCLUDE_IN_FRAMEWORK_HEADER = YES;
				CLANG_WARN_RANGE_LOOP_ANALYSIS = YES;
				CLANG_WARN_STRICT_PROTOTYPES = YES;
				CLANG_WARN_SUSPICIOUS_MOVE = YES;
				CLANG_WARN_UNGUARDED_AVAILABILITY = YES_AGGRESSIVE;
				CLANG_WARN_UNREACHABLE_CODE = YES;
				CLANG_WARN__DUPLICATE_METHOD_MATCH = YES;
				COPY_PHASE_STRIP = NO;
				DEBUG_INFORMATION_FORMAT = "dwarf-with-dsym";
				ENABLE_NS_ASSERTIONS = NO;
				ENABLE_STRICT_OBJC_MSGSEND = YES;
				ENABLE_USER_SCRIPT_SANDBOXING = YES;
				GCC_C_LANGUAGE_STANDARD = gnu17;
				GCC_NO_COMMON_BLOCKS = YES;
				GCC_WARN_64_TO_32_BIT_CONVERSION = YES;
				GCC_WARN_ABOUT_RETURN_TYPE = YES_ERROR;
				GCC_WARN_UNDECLARED_SELECTOR = YES;
				GCC_WARN_UNINITIALIZED_AUTOS = YES_AGGRESSIVE;
				GCC_WARN_UNUSED_FUNCTION = YES;
				GCC_WARN_UNUSED_VARIABLE = YES;
				IPHONEOS_DEPLOYMENT_TARGET = 17.0;
				MTL_FAST_MATH = YES;
				SDKROOT = iphoneos;
				SWIFT_COMPILATION_MODE = wholemodule;
				SWIFT_VERSION = 6.0;
				VALIDATE_PRODUCT = YES;
			};
			name = Release;
		};
		BC000003 /* Debug */ = {
			isa = XCBuildConfiguration;
			buildSettings = {
				ALWAYS_EMBED_SWIFT_STANDARD_LIBRARIES = YES;
				ASSETCATALOG_COMPILER_APPICON_NAME = AppIcon;
				ASSETCATALOG_COMPILER_GLOBAL_ACCENT_COLOR_NAME = AccentColor;
				CODE_SIGN_ENTITLEMENTS = StowIOS/StowIOS.entitlements;
				CODE_SIGN_STYLE = Automatic;
				CURRENT_PROJECT_VERSION = 1;
				DEVELOPMENT_TEAM = CL6XWJCS9R;
				GENERATE_INFOPLIST_FILE = YES;
				INFOPLIST_FILE = StowIOS/Info.plist;
				INFOPLIST_KEY_CFBundleDisplayName = Stow;
				INFOPLIST_KEY_UIApplicationSceneManifest_Generation = YES;
				INFOPLIST_KEY_UIApplicationSupportsIndirectInputEvents = YES;
				INFOPLIST_KEY_UIBackgroundModes = "remote-notification";
				INFOPLIST_KEY_UILaunchScreen_Generation = YES;
				INFOPLIST_KEY_UISupportedInterfaceOrientations_iPad = "UIInterfaceOrientationPortrait UIInterfaceOrientationPortraitUpsideDown UIInterfaceOrientationLandscapeLeft UIInterfaceOrientationLandscapeRight";
				INFOPLIST_KEY_UISupportedInterfaceOrientations_iPhone = "UIInterfaceOrientationPortrait UIInterfaceOrientationLandscapeLeft UIInterfaceOrientationLandscapeRight";
				LD_RUNPATH_SEARCH_PATHS = (
					"$(inherited)",
					"@executable_path/Frameworks",
				);
				MARKETING_VERSION = 1.0;
				PRODUCT_BUNDLE_IDENTIFIER = com.stow.ios;
				PRODUCT_NAME = "$(TARGET_NAME)";
				SUPPORTED_PLATFORMS = "iphoneos iphonesimulator";
				SUPPORTS_MACCATALYST = NO;
				SWIFT_EMIT_LOC_STRINGS = YES;
				SWIFT_STRICT_CONCURRENCY = complete;
				SWIFT_VERSION = 6.0;
				TARGETED_DEVICE_FAMILY = "1,2";
			};
			name = Debug;
		};
		BC000004 /* Release */ = {
			isa = XCBuildConfiguration;
			buildSettings = {
				ALWAYS_EMBED_SWIFT_STANDARD_LIBRARIES = YES;
				ASSETCATALOG_COMPILER_APPICON_NAME = AppIcon;
				ASSETCATALOG_COMPILER_GLOBAL_ACCENT_COLOR_NAME = AccentColor;
				CODE_SIGN_ENTITLEMENTS = StowIOS/StowIOS.entitlements;
				CODE_SIGN_STYLE = Automatic;
				CURRENT_PROJECT_VERSION = 1;
				DEVELOPMENT_TEAM = CL6XWJCS9R;
				GENERATE_INFOPLIST_FILE = YES;
				INFOPLIST_FILE = StowIOS/Info.plist;
				INFOPLIST_KEY_CFBundleDisplayName = Stow;
				INFOPLIST_KEY_UIApplicationSceneManifest_Generation = YES;
				INFOPLIST_KEY_UIApplicationSupportsIndirectInputEvents = YES;
				INFOPLIST_KEY_UIBackgroundModes = "remote-notification";
				INFOPLIST_KEY_UILaunchScreen_Generation = YES;
				INFOPLIST_KEY_UISupportedInterfaceOrientations_iPad = "UIInterfaceOrientationPortrait UIInterfaceOrientationPortraitUpsideDown UIInterfaceOrientationLandscapeLeft UIInterfaceOrientationLandscapeRight";
				INFOPLIST_KEY_UISupportedInterfaceOrientations_iPhone = "UIInterfaceOrientationPortrait UIInterfaceOrientationLandscapeLeft UIInterfaceOrientationLandscapeRight";
				LD_RUNPATH_SEARCH_PATHS = (
					"$(inherited)",
					"@executable_path/Frameworks",
				);
				MARKETING_VERSION = 1.0;
				PRODUCT_BUNDLE_IDENTIFIER = com.stow.ios;
				PRODUCT_NAME = "$(TARGET_NAME)";
				SUPPORTED_PLATFORMS = "iphoneos iphonesimulator";
				SUPPORTS_MACCATALYST = NO;
				SWIFT_EMIT_LOC_STRINGS = YES;
				SWIFT_STRICT_CONCURRENCY = complete;
				SWIFT_VERSION = 6.0;
				TARGETED_DEVICE_FAMILY = "1,2";
			};
			name = Release;
		};
		BC200001 /* Debug */ = {
			isa = XCBuildConfiguration;
			buildSettings = {
				CODE_SIGN_ENTITLEMENTS = StowShareExtension/StowShareExtension.entitlements;
				CODE_SIGN_STYLE = Automatic;
				CURRENT_PROJECT_VERSION = 1;
				DEVELOPMENT_TEAM = CL6XWJCS9R;
				GENERATE_INFOPLIST_FILE = YES;
				INFOPLIST_FILE = StowShareExtension/Info.plist;
				INFOPLIST_KEY_CFBundleDisplayName = "Share to Stow";
				INFOPLIST_KEY_NSHumanReadableCopyright = "";
				LD_RUNPATH_SEARCH_PATHS = (
					"$(inherited)",
					"@executable_path/Frameworks",
					"@executable_path/../../Frameworks",
				);
				MARKETING_VERSION = 1.0;
				PRODUCT_BUNDLE_IDENTIFIER = com.stow.ios.ShareExtension;
				PRODUCT_NAME = "$(TARGET_NAME)";
				SKIP_INSTALL = YES;
				SUPPORTED_PLATFORMS = "iphoneos iphonesimulator";
				SWIFT_EMIT_LOC_STRINGS = YES;
				SWIFT_STRICT_CONCURRENCY = complete;
				SWIFT_VERSION = 6.0;
				TARGETED_DEVICE_FAMILY = "1,2";
			};
			name = Debug;
		};
		BC200002 /* Release */ = {
			isa = XCBuildConfiguration;
			buildSettings = {
				CODE_SIGN_ENTITLEMENTS = StowShareExtension/StowShareExtension.entitlements;
				CODE_SIGN_STYLE = Automatic;
				CURRENT_PROJECT_VERSION = 1;
				DEVELOPMENT_TEAM = CL6XWJCS9R;
				GENERATE_INFOPLIST_FILE = YES;
				INFOPLIST_FILE = StowShareExtension/Info.plist;
				INFOPLIST_KEY_CFBundleDisplayName = "Share to Stow";
				INFOPLIST_KEY_NSHumanReadableCopyright = "";
				LD_RUNPATH_SEARCH_PATHS = (
					"$(inherited)",
					"@executable_path/Frameworks",
					"@executable_path/../../Frameworks",
				);
				MARKETING_VERSION = 1.0;
				PRODUCT_BUNDLE_IDENTIFIER = com.stow.ios.ShareExtension;
				PRODUCT_NAME = "$(TARGET_NAME)";
				SKIP_INSTALL = YES;
				SUPPORTED_PLATFORMS = "iphoneos iphonesimulator";
				SWIFT_EMIT_LOC_STRINGS = YES;
				SWIFT_STRICT_CONCURRENCY = complete;
				SWIFT_VERSION = 6.0;
				TARGETED_DEVICE_FAMILY = "1,2";
			};
			name = Release;
		};
		BC300001 /* Debug */ = {
			isa = XCBuildConfiguration;
			buildSettings = {
				CODE_SIGN_ENTITLEMENTS = StowWidget/StowWidget.entitlements;
				CODE_SIGN_STYLE = Automatic;
				CURRENT_PROJECT_VERSION = 1;
				DEVELOPMENT_TEAM = CL6XWJCS9R;
				GENERATE_INFOPLIST_FILE = YES;
				INFOPLIST_FILE = StowWidget/Info.plist;
				INFOPLIST_KEY_CFBundleDisplayName = "Stow Widget";
				INFOPLIST_KEY_NSHumanReadableCopyright = "";
				LD_RUNPATH_SEARCH_PATHS = (
					"$(inherited)",
					"@executable_path/Frameworks",
					"@executable_path/../../Frameworks",
				);
				MARKETING_VERSION = 1.0;
				PRODUCT_BUNDLE_IDENTIFIER = com.stow.ios.StowWidget;
				PRODUCT_NAME = "$(TARGET_NAME)";
				SKIP_INSTALL = YES;
				SUPPORTED_PLATFORMS = "iphoneos iphonesimulator";
				SWIFT_EMIT_LOC_STRINGS = YES;
				SWIFT_STRICT_CONCURRENCY = complete;
				SWIFT_VERSION = 6.0;
				TARGETED_DEVICE_FAMILY = "1,2";
			};
			name = Debug;
		};
		BC300002 /* Release */ = {
			isa = XCBuildConfiguration;
			buildSettings = {
				CODE_SIGN_ENTITLEMENTS = StowWidget/StowWidget.entitlements;
				CODE_SIGN_STYLE = Automatic;
				CURRENT_PROJECT_VERSION = 1;
				DEVELOPMENT_TEAM = CL6XWJCS9R;
				GENERATE_INFOPLIST_FILE = YES;
				INFOPLIST_FILE = StowWidget/Info.plist;
				INFOPLIST_KEY_CFBundleDisplayName = "Stow Widget";
				INFOPLIST_KEY_NSHumanReadableCopyright = "";
				LD_RUNPATH_SEARCH_PATHS = (
					"$(inherited)",
					"@executable_path/Frameworks",
					"@executable_path/../../Frameworks",
				);
				MARKETING_VERSION = 1.0;
				PRODUCT_BUNDLE_IDENTIFIER = com.stow.ios.StowWidget;
				PRODUCT_NAME = "$(TARGET_NAME)";
				SKIP_INSTALL = YES;
				SUPPORTED_PLATFORMS = "iphoneos iphonesimulator";
				SWIFT_EMIT_LOC_STRINGS = YES;
				SWIFT_STRICT_CONCURRENCY = complete;
				SWIFT_VERSION = 6.0;
				TARGETED_DEVICE_FAMILY = "1,2";
			};
			name = Release;
		};
		BC400001 /* Debug */ = {
			isa = XCBuildConfiguration;
			buildSettings = {
				BUNDLE_LOADER = "$(TEST_HOST)";
				CODE_SIGN_STYLE = Automatic;
				CURRENT_PROJECT_VERSION = 1;
				DEVELOPMENT_TEAM = CL6XWJCS9R;
				GENERATE_INFOPLIST_FILE = YES;
				IPHONEOS_DEPLOYMENT_TARGET = 17.0;
				MARKETING_VERSION = 1.0;
				PRODUCT_NAME = "$(TARGET_NAME)";
				SUPPORTED_PLATFORMS = "iphoneos iphonesimulator";
				SWIFT_EMIT_LOC_STRINGS = NO;
				SWIFT_STRICT_CONCURRENCY = complete;
				SWIFT_VERSION = 6.0;
				TARGETED_DEVICE_FAMILY = "1,2";
				PRODUCT_BUNDLE_IDENTIFIER = com.stow.ios.tests;
				TEST_HOST = "$(BUILT_PRODUCTS_DIR)/StowIOS.app/$(BUNDLE_EXECUTABLE_FOLDER_PATH)/StowIOS";
			};
			name = Debug;
		};
		BC400002 /* Release */ = {
			isa = XCBuildConfiguration;
			buildSettings = {
				BUNDLE_LOADER = "$(TEST_HOST)";
				CODE_SIGN_STYLE = Automatic;
				CURRENT_PROJECT_VERSION = 1;
				DEVELOPMENT_TEAM = CL6XWJCS9R;
				GENERATE_INFOPLIST_FILE = YES;
				IPHONEOS_DEPLOYMENT_TARGET = 17.0;
				MARKETING_VERSION = 1.0;
				PRODUCT_NAME = "$(TARGET_NAME)";
				SUPPORTED_PLATFORMS = "iphoneos iphonesimulator";
				SWIFT_EMIT_LOC_STRINGS = NO;
				SWIFT_STRICT_CONCURRENCY = complete;
				SWIFT_VERSION = 6.0;
				TARGETED_DEVICE_FAMILY = "1,2";
				PRODUCT_BUNDLE_IDENTIFIER = com.stow.ios.tests;
				TEST_HOST = "$(BUILT_PRODUCTS_DIR)/StowIOS.app/$(BUNDLE_EXECUTABLE_FOLDER_PATH)/StowIOS";
			};
			name = Release;
		};
		BC500001 /* Debug */ = {
			isa = XCBuildConfiguration;
			buildSettings = {
				CODE_SIGN_STYLE = Automatic;
				CURRENT_PROJECT_VERSION = 1;
				DEVELOPMENT_TEAM = CL6XWJCS9R;
				GENERATE_INFOPLIST_FILE = YES;
				IPHONEOS_DEPLOYMENT_TARGET = 17.0;
				MARKETING_VERSION = 1.0;
				PRODUCT_NAME = "$(TARGET_NAME)";
				SUPPORTED_PLATFORMS = "iphoneos iphonesimulator";
				SWIFT_EMIT_LOC_STRINGS = NO;
				SWIFT_STRICT_CONCURRENCY = complete;
				SWIFT_VERSION = 6.0;
				TARGETED_DEVICE_FAMILY = "1,2";
				PRODUCT_BUNDLE_IDENTIFIER = com.stow.ios.uitests;
				TEST_TARGET_NAME = StowIOS;
			};
			name = Debug;
		};
		BC500002 /* Release */ = {
			isa = XCBuildConfiguration;
			buildSettings = {
				CODE_SIGN_STYLE = Automatic;
				CURRENT_PROJECT_VERSION = 1;
				DEVELOPMENT_TEAM = CL6XWJCS9R;
				GENERATE_INFOPLIST_FILE = YES;
				IPHONEOS_DEPLOYMENT_TARGET = 17.0;
				MARKETING_VERSION = 1.0;
				PRODUCT_NAME = "$(TARGET_NAME)";
				SUPPORTED_PLATFORMS = "iphoneos iphonesimulator";
				SWIFT_EMIT_LOC_STRINGS = NO;
				SWIFT_STRICT_CONCURRENCY = complete;
				SWIFT_VERSION = 6.0;
				TARGETED_DEVICE_FAMILY = "1,2";
				PRODUCT_BUNDLE_IDENTIFIER = com.stow.ios.uitests;
				TEST_TARGET_NAME = StowIOS;
			};
			name = Release;
		};
/* End XCBuildConfiguration section */

/* Begin XCConfigurationList section */
		CC000001 /* Build configuration list for PBXProject "StowIOS" */ = {
			isa = XCConfigurationList;
			buildConfigurations = (
				BC000001 /* Debug */,
				BC000002 /* Release */,
			);
			defaultConfigurationIsVisible = 0;
			defaultConfigurationName = Release;
		};
		CC000003 /* Build configuration list for PBXNativeTarget "StowIOS" */ = {
			isa = XCConfigurationList;
			buildConfigurations = (
				BC000003 /* Debug */,
				BC000004 /* Release */,
			);
			defaultConfigurationIsVisible = 0;
			defaultConfigurationName = Release;
		};
		CC200001 /* Build configuration list for PBXNativeTarget "StowShareExtension" */ = {
			isa = XCConfigurationList;
			buildConfigurations = (
				BC200001 /* Debug */,
				BC200002 /* Release */,
			);
			defaultConfigurationIsVisible = 0;
			defaultConfigurationName = Release;
		};
		CC300001 /* Build configuration list for PBXNativeTarget "StowWidgetExtension" */ = {
			isa = XCConfigurationList;
			buildConfigurations = (
				BC300001 /* Debug */,
				BC300002 /* Release */,
			);
			defaultConfigurationIsVisible = 0;
			defaultConfigurationName = Release;
		};
		CC400001 /* Build configuration list for PBXNativeTarget "StowIOSTests" */ = {
			isa = XCConfigurationList;
			buildConfigurations = (
				BC400001 /* Debug */,
				BC400002 /* Release */,
			);
			defaultConfigurationIsVisible = 0;
			defaultConfigurationName = Release;
		};
		CC500001 /* Build configuration list for PBXNativeTarget "StowIOSUITests" */ = {
			isa = XCConfigurationList;
			buildConfigurations = (
				BC500001 /* Debug */,
				BC500002 /* Release */,
			);
			defaultConfigurationIsVisible = 0;
			defaultConfigurationName = Release;
		};
/* End XCConfigurationList section */

/* Begin XCLocalSwiftPackageReference section */
		PR000001 /* XCLocalSwiftPackageReference "../" */ = {
			isa = XCLocalSwiftPackageReference;
			relativePath = "../";
		};
/* End XCLocalSwiftPackageReference section */

/* Begin XCSwiftPackageProductDependency section */
		D1000001 /* StowShared */ = {
			isa = XCSwiftPackageProductDependency;
			productName = StowShared;
		};
		D2000001 /* StowShared */ = {
			isa = XCSwiftPackageProductDependency;
			productName = StowShared;
		};
		D3000001 /* StowShared */ = {
			isa = XCSwiftPackageProductDependency;
			productName = StowShared;
		};
/* End XCSwiftPackageProductDependency section */

	};
	rootObject = P1000001 /* Project object */;
}
